
Microsoft Visual Studio Solution File, Format Version 12.00
# Visual Studio Version 16
VisualStudioVersion = 25.0.1705.0
MinimumVisualStudioVersion = 10.0.40219.1
Project("{FAE04EC0-301F-11D3-BF4B-00C04F79EFBC}") = "MVCTestingGround", "MVCTestingGround\MVCTestingGround.csproj", "{C67DEFD5-1399-41EE-B89E-0F982FD380ED}"
EndProject
Global
	GlobalSection(SolutionConfigurationPlatforms) = preSolution
		Debug|Any CPU = Debug|Any CPU
		Release|Any CPU = Release|Any CPU
	EndGlobalSection
	GlobalSection(ProjectConfigurationPlatforms) = postSolution
		{C67DEFD5-1399-41EE-B89E-0F982FD380ED}.Debug|Any CPU.ActiveCfg = Debug|Any CPU
		{C67DEFD5-1399-41EE-B89E-0F982FD380ED}.Debug|Any CPU.Build.0 = Debug|Any CPU
		{C67DEFD5-1399-41EE-B89E-0F982FD380ED}.Release|Any CPU.ActiveCfg = Release|Any CPU
		{C67DEFD5-1399-41EE-B89E-0F982FD380ED}.Release|Any CPU.Build.0 = Release|Any CPU
	EndGlobalSection
	GlobalSection(SolutionProperties) = preSolution
		HideSolutionNode = FALSE
	EndGlobalSection
	GlobalSection(ExtensibilityGlobals) = postSolution
		SolutionGuid = {518F2FCF-316D-44B9-9464-382B5C2174B6}
	EndGlobalSection
EndGlobal
