
Microsoft Visual Studio Solution File, Format Version 12.00
# Visual Studio Version 17
VisualStudioVersion = 17.5.002.0
MinimumVisualStudioVersion = 10.0.40219.1
Project("{9A19103F-16F7-4668-BE54-9A1E7A4F7556}") = "Generics", "Generics\Generics.csproj", "{B6F2ACE5-3D68-492B-A038-8F1A82255F37}"
EndProject
Global
	GlobalSection(SolutionConfigurationPlatforms) = preSolution
		Debug|Any CPU = Debug|Any CPU
		Release|Any CPU = Release|Any CPU
	EndGlobalSection
	GlobalSection(ProjectConfigurationPlatforms) = postSolution
		{B6F2ACE5-3D68-492B-A038-8F1A82255F37}.Debug|Any CPU.ActiveCfg = Debug|Any CPU
		{B6F2ACE5-3D68-492B-A038-8F1A82255F37}.Debug|Any CPU.Build.0 = Debug|Any CPU
		{B6F2ACE5-3D68-492B-A038-8F1A82255F37}.Release|Any CPU.ActiveCfg = Release|Any CPU
		{B6F2ACE5-3D68-492B-A038-8F1A82255F37}.Release|Any CPU.Build.0 = Release|Any CPU
	EndGlobalSection
	GlobalSection(SolutionProperties) = preSolution
		HideSolutionNode = FALSE
	EndGlobalSection
	GlobalSection(ExtensibilityGlobals) = postSolution
		SolutionGuid = {D37BF1D3-8095-4305-8B14-009E657DF091}
	EndGlobalSection
EndGlobal
