{
  "version": 4,
  "terraform_version": "1.5.3",
  "serial": 5,
  "lineage": "b1f610cd-68d3-c633-e88b-acc8467d5320",
  "outputs": {},
  "resources": [
    {
      "mode": "data",
      "type": "aws_secretsmanager_secret",
      "name": "secretmasterDB",
      "provider": "provider[\"registry.terraform.io/hashicorp/aws\"]",
      "instances": [
        {
          "schema_version": 0,
          "attributes": {
            "arn": "arn:aws:secretsmanager:us-east-1:827890810271:secret:Masteraccountdb-oxRyvf",
            "description": "",
            "id": "arn:aws:secretsmanager:us-east-1:827890810271:secret:Masteraccountdb-oxRyvf",
            "kms_key_id": "",
            "name": "Masteraccountdb",
            "policy": "",
            "tags": {}
          },
          "sensitive_attributes": []
        }
      ]
    },
    {
      "mode": "data",
      "type": "aws_secretsmanager_secret_version",
      "name": "creds",
      "provider": "provider[\"registry.terraform.io/hashicorp/aws\"]",
      "instances": []
    },
    {
      "mode": "managed",
      "type": "aws_secretsmanager_secret",
      "name": "secretmasterDB",
      "provider": "provider[\"registry.terraform.io/hashicorp/aws\"]",
      "instances": [
        {
          "schema_version": 0,
          "attributes": {
            "arn": "arn:aws:secretsmanager:us-east-1:827890810271:secret:Masteraccountdb-oxRyvf",
            "description": "",
            "force_overwrite_replica_secret": false,
            "id": "arn:aws:secretsmanager:us-east-1:827890810271:secret:Masteraccountdb-oxRyvf",
            "kms_key_id": "",
            "name": "Masteraccountdb",
            "name_prefix": "",
            "policy": "",
            "recovery_window_in_days": 30,
            "replica": [],
            "tags": null,
            "tags_all": {}
          },
          "sensitive_attributes": [],
          "private": "bnVsbA=="
        }
      ]
    },
    {
      "mode": "managed",
      "type": "aws_secretsmanager_secret_version",
      "name": "sversion",
      "provider": "provider[\"registry.terraform.io/hashicorp/aws\"]",
      "instances": [
        {
          "schema_version": 0,
          "attributes": {
            "arn": "arn:aws:secretsmanager:us-east-1:827890810271:secret:Masteraccountdb-oxRyvf",
            "id": "arn:aws:secretsmanager:us-east-1:827890810271:secret:Masteraccountdb-oxRyvf|451BF816-F096-4D7C-8A0D-B08E1CB28339",
            "secret_binary": "",
            "secret_id": "arn:aws:secretsmanager:us-east-1:827890810271:secret:Masteraccountdb-oxRyvf",
            "secret_string": "    {\n        \"username\":\"adminaccount\",\n        \"password\":\"yCMlb5n2kTwdg2OS\"\n    }\n",
            "version_id": "451BF816-F096-4D7C-8A0D-B08E1CB28339",
            "version_stages": [
              "AWSCURRENT"
            ]
          },
          "sensitive_attributes": [
            [
              {
                "type": "get_attr",
                "value": "secret_string"
              }
            ]
          ],
          "private": "bnVsbA==",
          "dependencies": [
            "aws_secretsmanager_secret.secretmasterDB",
            "random_password.password"
          ]
        }
      ]
    },
    {
      "mode": "managed",
      "type": "random_password",
      "name": "password",
      "provider": "provider[\"registry.terraform.io/hashicorp/random\"]",
      "instances": [
        {
          "schema_version": 3,
          "attributes": {
            "bcrypt_hash": "$2a$10$OrggOfZ1bajlVwjZJuRvYu5l45vlEtuU3V/tai1KuvJnUfQgdm2b2",
            "id": "none",
            "keepers": null,
            "length": 16,
            "lower": true,
            "min_lower": 0,
            "min_numeric": 0,
            "min_special": 0,
            "min_upper": 0,
            "number": true,
            "numeric": true,
            "override_special": "_%@",
            "result": "yCMlb5n2kTwdg2OS",
            "special": true,
            "upper": true
          },
          "sensitive_attributes": []
        }
      ]
    }
  ],
  "check_results": null
}
