{
  "version": 4,
  "terraform_version": "1.5.3",
  "serial": 11,
  "lineage": "b1f610cd-68d3-c633-e88b-acc8467d5320",
  "outputs": {},
  "resources": [
    {
      "mode": "managed",
      "type": "aws_secretsmanager_secret",
      "name": "secretmasterDB",
      "provider": "provider[\"registry.terraform.io/hashicorp/aws\"]",
      "instances": [
        {
          "schema_version": 0,
          "attributes": {
            "arn": "arn:aws:secretsmanager:us-east-1:827890810271:secret:SecretsRetriever-LZo3t0",
            "description": "",
            "force_overwrite_replica_secret": false,
            "id": "arn:aws:secretsmanager:us-east-1:827890810271:secret:SecretsRetriever-LZo3t0",
            "kms_key_id": "",
            "name": "SecretsRetriever",
            "name_prefix": "",
            "policy": "",
            "recovery_window_in_days": 30,
            "replica": [],
            "tags": null,
            "tags_all": {}
          },
          "sensitive_attributes": [],
          "private": "bnVsbA=="
        }
      ]
    },
    {
      "mode": "managed",
      "type": "aws_secretsmanager_secret_version",
      "name": "sversion",
      "provider": "provider[\"registry.terraform.io/hashicorp/aws\"]",
      "instances": [
        {
          "schema_version": 0,
          "attributes": {
            "arn": "arn:aws:secretsmanager:us-east-1:827890810271:secret:SecretsRetriever-LZo3t0",
            "id": "arn:aws:secretsmanager:us-east-1:827890810271:secret:SecretsRetriever-LZo3t0|D6E3B081-DDED-487F-BE7C-30F34D40E8F7",
            "secret_binary": "",
            "secret_id": "arn:aws:secretsmanager:us-east-1:827890810271:secret:SecretsRetriever-LZo3t0",
            "secret_string": "    {\n        \"ClientID\":\"thing\",\n        \"ClientSecret\":\"34343434\"\n    }\n",
            "version_id": "D6E3B081-DDED-487F-BE7C-30F34D40E8F7",
            "version_stages": [
              "AWSCURRENT"
            ]
          },
          "sensitive_attributes": [],
          "private": "bnVsbA==",
          "dependencies": [
            "aws_secretsmanager_secret.secretmasterDB"
          ]
        }
      ]
    }
  ],
  "check_results": null
}
