
Microsoft Visual Studio Solution File, Format Version 12.00
# Visual Studio Version 16
VisualStudioVersion = 25.0.1705.4
MinimumVisualStudioVersion = 10.0.40219.1
Project("{FAE04EC0-301F-11D3-BF4B-00C04F79EFBC}") = "CashFlowPlan", "CashFlowPlan\CashFlowPlan.csproj", "{8846C6C3-C9B1-428E-BA50-91BF389FF241}"
EndProject
Global
	GlobalSection(SolutionConfigurationPlatforms) = preSolution
		Debug|Any CPU = Debug|Any CPU
		Release|Any CPU = Release|Any CPU
	EndGlobalSection
	GlobalSection(ProjectConfigurationPlatforms) = postSolution
		{8846C6C3-C9B1-428E-BA50-91BF389FF241}.Debug|Any CPU.ActiveCfg = Debug|Any CPU
		{8846C6C3-C9B1-428E-BA50-91BF389FF241}.Debug|Any CPU.Build.0 = Debug|Any CPU
		{8846C6C3-C9B1-428E-BA50-91BF389FF241}.Release|Any CPU.ActiveCfg = Release|Any CPU
		{8846C6C3-C9B1-428E-BA50-91BF389FF241}.Release|Any CPU.Build.0 = Release|Any CPU
	EndGlobalSection
	GlobalSection(SolutionProperties) = preSolution
		HideSolutionNode = FALSE
	EndGlobalSection
	GlobalSection(ExtensibilityGlobals) = postSolution
		SolutionGuid = {F4B7C0D8-1C83-4B52-A74D-B4D4CEB13DE2}
	EndGlobalSection
EndGlobal
