
Microsoft Visual Studio Solution File, Format Version 12.00
# Visual Studio Version 16
VisualStudioVersion = 25.0.1705.2
MinimumVisualStudioVersion = 10.0.40219.1
Project("{FAE04EC0-301F-11D3-BF4B-00C04F79EFBC}") = "MoreAdvancedTopicsCSharp", "MoreAdvancedTopicsCSharp\MoreAdvancedTopicsCSharp.csproj", "{DAD5FC49-437E-4B7D-BDCE-2BB62CF73767}"
EndProject
Global
	GlobalSection(SolutionConfigurationPlatforms) = preSolution
		Debug|Any CPU = Debug|Any CPU
		Release|Any CPU = Release|Any CPU
	EndGlobalSection
	GlobalSection(ProjectConfigurationPlatforms) = postSolution
		{DAD5FC49-437E-4B7D-BDCE-2BB62CF73767}.Debug|Any CPU.ActiveCfg = Debug|Any CPU
		{DAD5FC49-437E-4B7D-BDCE-2BB62CF73767}.Debug|Any CPU.Build.0 = Debug|Any CPU
		{DAD5FC49-437E-4B7D-BDCE-2BB62CF73767}.Release|Any CPU.ActiveCfg = Release|Any CPU
		{DAD5FC49-437E-4B7D-BDCE-2BB62CF73767}.Release|Any CPU.Build.0 = Release|Any CPU
	EndGlobalSection
	GlobalSection(SolutionProperties) = preSolution
		HideSolutionNode = FALSE
	EndGlobalSection
	GlobalSection(ExtensibilityGlobals) = postSolution
		SolutionGuid = {E4893409-85D2-46A9-8D56-DD8AABDDA5B8}
	EndGlobalSection
EndGlobal
