
Microsoft Visual Studio Solution File, Format Version 12.00
# Visual Studio Version 16
VisualStudioVersion = 25.0.1705.2
MinimumVisualStudioVersion = 10.0.40219.1
Project("{FAE04EC0-301F-11D3-BF4B-00C04F79EFBC}") = "IKM", "IKM\IKM.csproj", "{15ED80F6-FAAD-4566-B949-6592D5E350FF}"
EndProject
Global
	GlobalSection(SolutionConfigurationPlatforms) = preSolution
		Debug|Any CPU = Debug|Any CPU
		Release|Any CPU = Release|Any CPU
	EndGlobalSection
	GlobalSection(ProjectConfigurationPlatforms) = postSolution
		{15ED80F6-FAAD-4566-B949-6592D5E350FF}.Debug|Any CPU.ActiveCfg = Debug|Any CPU
		{15ED80F6-FAAD-4566-B949-6592D5E350FF}.Debug|Any CPU.Build.0 = Debug|Any CPU
		{15ED80F6-FAAD-4566-B949-6592D5E350FF}.Release|Any CPU.ActiveCfg = Release|Any CPU
		{15ED80F6-FAAD-4566-B949-6592D5E350FF}.Release|Any CPU.Build.0 = Release|Any CPU
	EndGlobalSection
	GlobalSection(SolutionProperties) = preSolution
		HideSolutionNode = FALSE
	EndGlobalSection
	GlobalSection(ExtensibilityGlobals) = postSolution
		SolutionGuid = {2566A4FC-437A-48E4-BF6D-BDF65687B5C9}
	EndGlobalSection
EndGlobal
